// !$*UTF8*$!
{
	archiveVersion = 1;
	classes = {
	};
	objectVersion = 51;
	objects = {

/* Begin PBXBuildFile section */
		3061C33A2BE1FA9609692487 /* Pods_FalabellaImageMakerDemoTests.framework in Frameworks */ = {isa = PBXBuildFile; fileRef = F08B326956F562238DE875B6 /* Pods_FalabellaImageMakerDemoTests.framework */; };
		431C3015253E45040043A9EF /* LoginPresenter.swift in Sources */ = {isa = PBXBuildFile; fileRef = 431C3014253E45040043A9EF /* LoginPresenter.swift */; };
		431C301A253E475B0043A9EF /* ViewModel.swift in Sources */ = {isa = PBXBuildFile; fileRef = 431C3019253E475B0043A9EF /* ViewModel.swift */; };
		431C301D253E490A0043A9EF /* LogUser.swift in Sources */ = {isa = PBXBuildFile; fileRef = 431C301C253E490A0043A9EF /* LogUser.swift */; };
		431C3022253E49770043A9EF /* LocalDatasource.swift in Sources */ = {isa = PBXBuildFile; fileRef = 431C3021253E49770043A9EF /* LocalDatasource.swift */; };
		431C3027253E4A440043A9EF /* RegisterViewController.swift in Sources */ = {isa = PBXBuildFile; fileRef = 431C3026253E4A440043A9EF /* RegisterViewController.swift */; };
		431C302A253E4A500043A9EF /* RegisterPresenter.swift in Sources */ = {isa = PBXBuildFile; fileRef = 431C3029253E4A500043A9EF /* RegisterPresenter.swift */; };
		431C302D253E4BD80043A9EF /* RegisterUser.swift in Sources */ = {isa = PBXBuildFile; fileRef = 431C302C253E4BD80043A9EF /* RegisterUser.swift */; };
		431C3033253E54110043A9EF /* ServiceLocator.swift in Sources */ = {isa = PBXBuildFile; fileRef = 431C3032253E54110043A9EF /* ServiceLocator.swift */; };
		431C303F253E86DD0043A9EF /* Router.swift in Sources */ = {isa = PBXBuildFile; fileRef = 431C303E253E86DD0043A9EF /* Router.swift */; };
		431C305A253F25AD0043A9EF /* LoginPresenterTests.swift in Sources */ = {isa = PBXBuildFile; fileRef = 431C3059253F25AD0043A9EF /* LoginPresenterTests.swift */; };
		431C3069253F284D0043A9EF /* MockLocalDatasource.swift in Sources */ = {isa = PBXBuildFile; fileRef = 431C3068253F284D0043A9EF /* MockLocalDatasource.swift */; };
		431C306D253F2AA70043A9EF /* RegisterPresenterTests.swift in Sources */ = {isa = PBXBuildFile; fileRef = 431C306C253F2AA70043A9EF /* RegisterPresenterTests.swift */; };
		431E5F2E253E32C6008C27D2 /* AppDelegate.swift in Sources */ = {isa = PBXBuildFile; fileRef = 431E5F2D253E32C6008C27D2 /* AppDelegate.swift */; };
		431E5F30253E32C6008C27D2 /* SceneDelegate.swift in Sources */ = {isa = PBXBuildFile; fileRef = 431E5F2F253E32C6008C27D2 /* SceneDelegate.swift */; };
		431E5F32253E32C6008C27D2 /* LoginViewController.swift in Sources */ = {isa = PBXBuildFile; fileRef = 431E5F31253E32C6008C27D2 /* LoginViewController.swift */; };
		431E5F37253E32C8008C27D2 /* Assets.xcassets in Resources */ = {isa = PBXBuildFile; fileRef = 431E5F36253E32C8008C27D2 /* Assets.xcassets */; };
		431E5F3A253E32C8008C27D2 /* LaunchScreen.storyboard in Resources */ = {isa = PBXBuildFile; fileRef = 431E5F38253E32C8008C27D2 /* LaunchScreen.storyboard */; };
		47A953BA16B5061A10F4F86E /* Pods_FalabellaImageMakerDemo.framework in Frameworks */ = {isa = PBXBuildFile; fileRef = 115FB1A85C570A7A7ECD9315 /* Pods_FalabellaImageMakerDemo.framework */; };
/* End PBXBuildFile section */

/* Begin PBXContainerItemProxy section */
		431C304C253F1EA00043A9EF /* PBXContainerItemProxy */ = {
			isa = PBXContainerItemProxy;
			containerPortal = 431E5F22253E32C6008C27D2 /* Project object */;
			proxyType = 1;
			remoteGlobalIDString = 431E5F29253E32C6008C27D2;
			remoteInfo = FalabellaImageMakerDemo;
		};
/* End PBXContainerItemProxy section */

/* Begin PBXFileReference section */
		115FB1A85C570A7A7ECD9315 /* Pods_FalabellaImageMakerDemo.framework */ = {isa = PBXFileReference; explicitFileType = wrapper.framework; includeInIndex = 0; path = Pods_FalabellaImageMakerDemo.framework; sourceTree = BUILT_PRODUCTS_DIR; };
		431C3014253E45040043A9EF /* LoginPresenter.swift */ = {isa = PBXFileReference; lastKnownFileType = sourcecode.swift; path = LoginPresenter.swift; sourceTree = "<group>"; };
		431C3019253E475B0043A9EF /* ViewModel.swift */ = {isa = PBXFileReference; lastKnownFileType = sourcecode.swift; path = ViewModel.swift; sourceTree = "<group>"; };
		431C301C253E490A0043A9EF /* LogUser.swift */ = {isa = PBXFileReference; lastKnownFileType = sourcecode.swift; path = LogUser.swift; sourceTree = "<group>"; };
		431C3021253E49770043A9EF /* LocalDatasource.swift */ = {isa = PBXFileReference; lastKnownFileType = sourcecode.swift; path = LocalDatasource.swift; sourceTree = "<group>"; };
		431C3026253E4A440043A9EF /* RegisterViewController.swift */ = {isa = PBXFileReference; lastKnownFileType = sourcecode.swift; path = RegisterViewController.swift; sourceTree = "<group>"; };
		431C3029253E4A500043A9EF /* RegisterPresenter.swift */ = {isa = PBXFileReference; lastKnownFileType = sourcecode.swift; path = RegisterPresenter.swift; sourceTree = "<group>"; };
		431C302C253E4BD80043A9EF /* RegisterUser.swift */ = {isa = PBXFileReference; lastKnownFileType = sourcecode.swift; path = RegisterUser.swift; sourceTree = "<group>"; };
		431C3032253E54110043A9EF /* ServiceLocator.swift */ = {isa = PBXFileReference; lastKnownFileType = sourcecode.swift; path = ServiceLocator.swift; sourceTree = "<group>"; };
		431C303E253E86DD0043A9EF /* Router.swift */ = {isa = PBXFileReference; lastKnownFileType = sourcecode.swift; path = Router.swift; sourceTree = "<group>"; };
		431C3047253F1EA00043A9EF /* FalabellaImageMakerDemoTests.xctest */ = {isa = PBXFileReference; explicitFileType = wrapper.cfbundle; includeInIndex = 0; path = FalabellaImageMakerDemoTests.xctest; sourceTree = BUILT_PRODUCTS_DIR; };
		431C304B253F1EA00043A9EF /* Info.plist */ = {isa = PBXFileReference; lastKnownFileType = text.plist.xml; path = Info.plist; sourceTree = "<group>"; };
		431C3059253F25AD0043A9EF /* LoginPresenterTests.swift */ = {isa = PBXFileReference; lastKnownFileType = sourcecode.swift; path = LoginPresenterTests.swift; sourceTree = "<group>"; };
		431C3068253F284D0043A9EF /* MockLocalDatasource.swift */ = {isa = PBXFileReference; lastKnownFileType = sourcecode.swift; path = MockLocalDatasource.swift; sourceTree = "<group>"; };
		431C306C253F2AA70043A9EF /* RegisterPresenterTests.swift */ = {isa = PBXFileReference; lastKnownFileType = sourcecode.swift; path = RegisterPresenterTests.swift; sourceTree = "<group>"; };
		431E5F2A253E32C6008C27D2 /* FalabellaImageMakerDemo.app */ = {isa = PBXFileReference; explicitFileType = wrapper.application; includeInIndex = 0; path = FalabellaImageMakerDemo.app; sourceTree = BUILT_PRODUCTS_DIR; };
		431E5F2D253E32C6008C27D2 /* AppDelegate.swift */ = {isa = PBXFileReference; lastKnownFileType = sourcecode.swift; path = AppDelegate.swift; sourceTree = "<group>"; };
		431E5F2F253E32C6008C27D2 /* SceneDelegate.swift */ = {isa = PBXFileReference; lastKnownFileType = sourcecode.swift; path = SceneDelegate.swift; sourceTree = "<group>"; };
		431E5F31253E32C6008C27D2 /* LoginViewController.swift */ = {isa = PBXFileReference; lastKnownFileType = sourcecode.swift; path = LoginViewController.swift; sourceTree = "<group>"; };
		431E5F36253E32C8008C27D2 /* Assets.xcassets */ = {isa = PBXFileReference; lastKnownFileType = folder.assetcatalog; path = Assets.xcassets; sourceTree = "<group>"; };
		431E5F39253E32C8008C27D2 /* Base */ = {isa = PBXFileReference; lastKnownFileType = file.storyboard; name = Base; path = Base.lproj/LaunchScreen.storyboard; sourceTree = "<group>"; };
		431E5F3B253E32C8008C27D2 /* Info.plist */ = {isa = PBXFileReference; lastKnownFileType = text.plist.xml; path = Info.plist; sourceTree = "<group>"; };
		6E0D836ABAE65B30AFDC58BE /* Pods-FalabellaImageMakerDemoTests.debug.xcconfig */ = {isa = PBXFileReference; includeInIndex = 1; lastKnownFileType = text.xcconfig; name = "Pods-FalabellaImageMakerDemoTests.debug.xcconfig"; path = "Target Support Files/Pods-FalabellaImageMakerDemoTests/Pods-FalabellaImageMakerDemoTests.debug.xcconfig"; sourceTree = "<group>"; };
		B2044807D680E88D3DAAC67B /* Pods-FalabellaImageMakerDemo.release.xcconfig */ = {isa = PBXFileReference; includeInIndex = 1; lastKnownFileType = text.xcconfig; name = "Pods-FalabellaImageMakerDemo.release.xcconfig"; path = "Target Support Files/Pods-FalabellaImageMakerDemo/Pods-FalabellaImageMakerDemo.release.xcconfig"; sourceTree = "<group>"; };
		CD608F6184734494C937F5FD /* Pods-FalabellaImageMakerDemoTests.release.xcconfig */ = {isa = PBXFileReference; includeInIndex = 1; lastKnownFileType = text.xcconfig; name = "Pods-FalabellaImageMakerDemoTests.release.xcconfig"; path = "Target Support Files/Pods-FalabellaImageMakerDemoTests/Pods-FalabellaImageMakerDemoTests.release.xcconfig"; sourceTree = "<group>"; };
		D1E8D5530C25A69EB64B7A29 /* Pods-FalabellaImageMakerDemo.debug.xcconfig */ = {isa = PBXFileReference; includeInIndex = 1; lastKnownFileType = text.xcconfig; name = "Pods-FalabellaImageMakerDemo.debug.xcconfig"; path = "Target Support Files/Pods-FalabellaImageMakerDemo/Pods-FalabellaImageMakerDemo.debug.xcconfig"; sourceTree = "<group>"; };
		F08B326956F562238DE875B6 /* Pods_FalabellaImageMakerDemoTests.framework */ = {isa = PBXFileReference; explicitFileType = wrapper.framework; includeInIndex = 0; path = Pods_FalabellaImageMakerDemoTests.framework; sourceTree = BUILT_PRODUCTS_DIR; };
/* End PBXFileReference section */

/* Begin PBXFrameworksBuildPhase section */
		431C3044253F1EA00043A9EF /* Frameworks */ = {
			isa = PBXFrameworksBuildPhase;
			buildActionMask = 2147483647;
			files = (
				3061C33A2BE1FA9609692487 /* Pods_FalabellaImageMakerDemoTests.framework in Frameworks */,
			);
			runOnlyForDeploymentPostprocessing = 0;
		};
		431E5F27253E32C6008C27D2 /* Frameworks */ = {
			isa = PBXFrameworksBuildPhase;
			buildActionMask = 2147483647;
			files = (
				47A953BA16B5061A10F4F86E /* Pods_FalabellaImageMakerDemo.framework in Frameworks */,
			);
			runOnlyForDeploymentPostprocessing = 0;
		};
/* End PBXFrameworksBuildPhase section */

/* Begin PBXGroup section */
		431C3011253E44D00043A9EF /* Presentation */ = {
			isa = PBXGroup;
			children = (
				431C3018253E474E0043A9EF /* ViewModel */,
				431C3013253E44EF0043A9EF /* Login */,
				431C3025253E4A150043A9EF /* Register */,
				431C303D253E86D10043A9EF /* Router */,
			);
			path = Presentation;
			sourceTree = "<group>";
		};
		431C3012253E44E10043A9EF /* Domain */ = {
			isa = PBXGroup;
			children = (
				431C301C253E490A0043A9EF /* LogUser.swift */,
				431C302C253E4BD80043A9EF /* RegisterUser.swift */,
			);
			path = Domain;
			sourceTree = "<group>";
		};
		431C3013253E44EF0043A9EF /* Login */ = {
			isa = PBXGroup;
			children = (
				431E5F31253E32C6008C27D2 /* LoginViewController.swift */,
				431C3014253E45040043A9EF /* LoginPresenter.swift */,
			);
			path = Login;
			sourceTree = "<group>";
		};
		431C3018253E474E0043A9EF /* ViewModel */ = {
			isa = PBXGroup;
			children = (
				431C3019253E475B0043A9EF /* ViewModel.swift */,
			);
			path = ViewModel;
			sourceTree = "<group>";
		};
		431C301F253E49560043A9EF /* Data */ = {
			isa = PBXGroup;
			children = (
				431C3021253E49770043A9EF /* LocalDatasource.swift */,
			);
			path = Data;
			sourceTree = "<group>";
		};
		431C3020253E49600043A9EF /* Modules */ = {
			isa = PBXGroup;
			children = (
				431C3031253E54070043A9EF /* DI */,
				431C3011253E44D00043A9EF /* Presentation */,
				431C3012253E44E10043A9EF /* Domain */,
				431C301F253E49560043A9EF /* Data */,
			);
			path = Modules;
			sourceTree = "<group>";
		};
		431C3025253E4A150043A9EF /* Register */ = {
			isa = PBXGroup;
			children = (
				431C3026253E4A440043A9EF /* RegisterViewController.swift */,
				431C3029253E4A500043A9EF /* RegisterPresenter.swift */,
			);
			path = Register;
			sourceTree = "<group>";
		};
		431C3031253E54070043A9EF /* DI */ = {
			isa = PBXGroup;
			children = (
				431C3032253E54110043A9EF /* ServiceLocator.swift */,
			);
			path = DI;
			sourceTree = "<group>";
		};
		431C303D253E86D10043A9EF /* Router */ = {
			isa = PBXGroup;
			children = (
				431C303E253E86DD0043A9EF /* Router.swift */,
			);
			path = Router;
			sourceTree = "<group>";
		};
		431C3048253F1EA00043A9EF /* FalabellaImageMakerDemoTests */ = {
			isa = PBXGroup;
			children = (
				431C3061253F25D10043A9EF /* Mocks */,
				431C3070253F35560043A9EF /* Presenters */,
				431C3075253F35610043A9EF /* Data */,
				431C304B253F1EA00043A9EF /* Info.plist */,
			);
			path = FalabellaImageMakerDemoTests;
			sourceTree = "<group>";
		};
		431C3061253F25D10043A9EF /* Mocks */ = {
			isa = PBXGroup;
			children = (
				431C3068253F284D0043A9EF /* MockLocalDatasource.swift */,
			);
			path = Mocks;
			sourceTree = "<group>";
		};
		431C3070253F35560043A9EF /* Presenters */ = {
			isa = PBXGroup;
			children = (
				431C3059253F25AD0043A9EF /* LoginPresenterTests.swift */,
				431C306C253F2AA70043A9EF /* RegisterPresenterTests.swift */,
			);
			path = Presenters;
			sourceTree = "<group>";
		};
		431C3075253F35610043A9EF /* Data */ = {
			isa = PBXGroup;
			children = (
				431C3076253F357C0043A9EF /* UserDefaultsDatasourceTests.swift */,
			);
			path = Data;
			sourceTree = "<group>";
		};
		431E5F21253E32C6008C27D2 = {
			isa = PBXGroup;
			children = (
				431E5F2C253E32C6008C27D2 /* FalabellaImageMakerDemo */,
				431C3048253F1EA00043A9EF /* FalabellaImageMakerDemoTests */,
				431E5F2B253E32C6008C27D2 /* Products */,
				48197D6C03BEB5F20FA25A47 /* Pods */,
				5B2D3C814D1E477E67E3FF4F /* Frameworks */,
			);
			sourceTree = "<group>";
		};
		431E5F2B253E32C6008C27D2 /* Products */ = {
			isa = PBXGroup;
			children = (
				431E5F2A253E32C6008C27D2 /* FalabellaImageMakerDemo.app */,
				431C3047253F1EA00043A9EF /* FalabellaImageMakerDemoTests.xctest */,
			);
			name = Products;
			sourceTree = "<group>";
		};
		431E5F2C253E32C6008C27D2 /* FalabellaImageMakerDemo */ = {
			isa = PBXGroup;
			children = (
				431C3020253E49600043A9EF /* Modules */,
				431E5F2D253E32C6008C27D2 /* AppDelegate.swift */,
				431E5F2F253E32C6008C27D2 /* SceneDelegate.swift */,
				431E5F36253E32C8008C27D2 /* Assets.xcassets */,
				431E5F38253E32C8008C27D2 /* LaunchScreen.storyboard */,
				431E5F3B253E32C8008C27D2 /* Info.plist */,
			);
			path = FalabellaImageMakerDemo;
			sourceTree = "<group>";
		};
		48197D6C03BEB5F20FA25A47 /* Pods */ = {
			isa = PBXGroup;
			children = (
				D1E8D5530C25A69EB64B7A29 /* Pods-FalabellaImageMakerDemo.debug.xcconfig */,
				B2044807D680E88D3DAAC67B /* Pods-FalabellaImageMakerDemo.release.xcconfig */,
				6E0D836ABAE65B30AFDC58BE /* Pods-FalabellaImageMakerDemoTests.debug.xcconfig */,
				CD608F6184734494C937F5FD /* Pods-FalabellaImageMakerDemoTests.release.xcconfig */,
			);
			path = Pods;
			sourceTree = "<group>";
		};
		5B2D3C814D1E477E67E3FF4F /* Frameworks */ = {
			isa = PBXGroup;
			children = (
				115FB1A85C570A7A7ECD9315 /* Pods_FalabellaImageMakerDemo.framework */,
				F08B326956F562238DE875B6 /* Pods_FalabellaImageMakerDemoTests.framework */,
			);
			name = Frameworks;
			sourceTree = "<group>";
		};
/* End PBXGroup section */

/* Begin PBXNativeTarget section */
		431C3046253F1EA00043A9EF /* FalabellaImageMakerDemoTests */ = {
			isa = PBXNativeTarget;
			buildConfigurationList = 431C304E253F1EA00043A9EF /* Build configuration list for PBXNativeTarget "FalabellaImageMakerDemoTests" */;
			buildPhases = (
				E88E1837B08C3444785821C1 /* [CP] Check Pods Manifest.lock */,
				431C3043253F1EA00043A9EF /* Sources */,
				431C3044253F1EA00043A9EF /* Frameworks */,
				431C3045253F1EA00043A9EF /* Resources */,
				CD71B177E52FDE57F557F696 /* [CP] Embed Pods Frameworks */,
			);
			buildRules = (
			);
			dependencies = (
				431C304D253F1EA00043A9EF /* PBXTargetDependency */,
			);
			name = FalabellaImageMakerDemoTests;
			productName = FalabellaImageMakerDemoTests;
			productReference = 431C3047253F1EA00043A9EF /* FalabellaImageMakerDemoTests.xctest */;
			productType = "com.apple.product-type.bundle.unit-test";
		};
		431E5F29253E32C6008C27D2 /* FalabellaImageMakerDemo */ = {
			isa = PBXNativeTarget;
			buildConfigurationList = 431E5F3E253E32C8008C27D2 /* Build configuration list for PBXNativeTarget "FalabellaImageMakerDemo" */;
			buildPhases = (
				5F7DEF5BB4D1B610B8242807 /* [CP] Check Pods Manifest.lock */,
				431E5F26253E32C6008C27D2 /* Sources */,
				431E5F27253E32C6008C27D2 /* Frameworks */,
				431E5F28253E32C6008C27D2 /* Resources */,
				3C57400BE6B1F0C6B321CAC1 /* [CP] Embed Pods Frameworks */,
			);
			buildRules = (
			);
			dependencies = (
			);
			name = FalabellaImageMakerDemo;
			productName = FalabellaImageMakerDemo;
			productReference = 431E5F2A253E32C6008C27D2 /* FalabellaImageMakerDemo.app */;
			productType = "com.apple.product-type.application";
		};
/* End PBXNativeTarget section */

/* Begin PBXProject section */
		431E5F22253E32C6008C27D2 /* Project object */ = {
			isa = PBXProject;
			attributes = {
				LastSwiftUpdateCheck = 1200;
				LastUpgradeCheck = 1200;
				TargetAttributes = {
					431C3046253F1EA00043A9EF = {
						CreatedOnToolsVersion = 12.0.1;
						TestTargetID = 431E5F29253E32C6008C27D2;
					};
					431E5F29253E32C6008C27D2 = {
						CreatedOnToolsVersion = 12.0.1;
					};
				};
			};
			buildConfigurationList = 431E5F25253E32C6008C27D2 /* Build configuration list for PBXProject "FalabellaImageMakerDemo" */;
			compatibilityVersion = "Xcode 9.3";
			developmentRegion = en;
			hasScannedForEncodings = 0;
			knownRegions = (
				en,
				Base,
			);
			mainGroup = 431E5F21253E32C6008C27D2;
			productRefGroup = 431E5F2B253E32C6008C27D2 /* Products */;
			projectDirPath = "";
			projectRoot = "";
			targets = (
				431E5F29253E32C6008C27D2 /* FalabellaImageMakerDemo */,
				431C3046253F1EA00043A9EF /* FalabellaImageMakerDemoTests */,
			);
		};
/* End PBXProject section */

/* Begin PBXResourcesBuildPhase section */
		431C3045253F1EA00043A9EF /* Resources */ = {
			isa = PBXResourcesBuildPhase;
			buildActionMask = 2147483647;
			files = (
			);
			runOnlyForDeploymentPostprocessing = 0;
		};
		431E5F28253E32C6008C27D2 /* Resources */ = {
			isa = PBXResourcesBuildPhase;
			buildActionMask = 2147483647;
			files = (
				431E5F3A253E32C8008C27D2 /* LaunchScreen.storyboard in Resources */,
				431E5F37253E32C8008C27D2 /* Assets.xcassets in Resources */,
			);
			runOnlyForDeploymentPostprocessing = 0;
		};
/* End PBXResourcesBuildPhase section */

/* Begin PBXShellScriptBuildPhase section */
		3C57400BE6B1F0C6B321CAC1 /* [CP] Embed Pods Frameworks */ = {
			isa = PBXShellScriptBuildPhase;
			buildActionMask = 2147483647;
			files = (
			);
			inputFileListPaths = (
				"${PODS_ROOT}/Target Support Files/Pods-FalabellaImageMakerDemo/Pods-FalabellaImageMakerDemo-frameworks-${CONFIGURATION}-input-files.xcfilelist",
			);
			name = "[CP] Embed Pods Frameworks";
			outputFileListPaths = (
				"${PODS_ROOT}/Target Support Files/Pods-FalabellaImageMakerDemo/Pods-FalabellaImageMakerDemo-frameworks-${CONFIGURATION}-output-files.xcfilelist",
			);
			runOnlyForDeploymentPostprocessing = 0;
			shellPath = /bin/sh;
			shellScript = "\"${PODS_ROOT}/Target Support Files/Pods-FalabellaImageMakerDemo/Pods-FalabellaImageMakerDemo-frameworks.sh\"\n";
			showEnvVarsInLog = 0;
		};
		5F7DEF5BB4D1B610B8242807 /* [CP] Check Pods Manifest.lock */ = {
			isa = PBXShellScriptBuildPhase;
			buildActionMask = 2147483647;
			files = (
			);
			inputFileListPaths = (
			);
			inputPaths = (
				"${PODS_PODFILE_DIR_PATH}/Podfile.lock",
				"${PODS_ROOT}/Manifest.lock",
			);
			name = "[CP] Check Pods Manifest.lock";
			outputFileListPaths = (
			);
			outputPaths = (
				"$(DERIVED_FILE_DIR)/Pods-FalabellaImageMakerDemo-checkManifestLockResult.txt",
			);
			runOnlyForDeploymentPostprocessing = 0;
			shellPath = /bin/sh;
			shellScript = "diff \"${PODS_PODFILE_DIR_PATH}/Podfile.lock\" \"${PODS_ROOT}/Manifest.lock\" > /dev/null\nif [ $? != 0 ] ; then\n    # print error to STDERR\n    echo \"error: The sandbox is not in sync with the Podfile.lock. Run 'pod install' or update your CocoaPods installation.\" >&2\n    exit 1\nfi\n# This output is used by Xcode 'outputs' to avoid re-running this script phase.\necho \"SUCCESS\" > \"${SCRIPT_OUTPUT_FILE_0}\"\n";
			showEnvVarsInLog = 0;
		};
		CD71B177E52FDE57F557F696 /* [CP] Embed Pods Frameworks */ = {
			isa = PBXShellScriptBuildPhase;
			buildActionMask = 2147483647;
			files = (
			);
			inputFileListPaths = (
				"${PODS_ROOT}/Target Support Files/Pods-FalabellaImageMakerDemoTests/Pods-FalabellaImageMakerDemoTests-frameworks-${CONFIGURATION}-input-files.xcfilelist",
			);
			name = "[CP] Embed Pods Frameworks";
			outputFileListPaths = (
				"${PODS_ROOT}/Target Support Files/Pods-FalabellaImageMakerDemoTests/Pods-FalabellaImageMakerDemoTests-frameworks-${CONFIGURATION}-output-files.xcfilelist",
			);
			runOnlyForDeploymentPostprocessing = 0;
			shellPath = /bin/sh;
			shellScript = "\"${PODS_ROOT}/Target Support Files/Pods-FalabellaImageMakerDemoTests/Pods-FalabellaImageMakerDemoTests-frameworks.sh\"\n";
			showEnvVarsInLog = 0;
		};
		E88E1837B08C3444785821C1 /* [CP] Check Pods Manifest.lock */ = {
			isa = PBXShellScriptBuildPhase;
			buildActionMask = 2147483647;
			files = (
			);
			inputFileListPaths = (
			);
			inputPaths = (
				"${PODS_PODFILE_DIR_PATH}/Podfile.lock",
				"${PODS_ROOT}/Manifest.lock",
			);
			name = "[CP] Check Pods Manifest.lock";
			outputFileListPaths = (
			);
			outputPaths = (
				"$(DERIVED_FILE_DIR)/Pods-FalabellaImageMakerDemoTests-checkManifestLockResult.txt",
			);
			runOnlyForDeploymentPostprocessing = 0;
			shellPath = /bin/sh;
			shellScript = "diff \"${PODS_PODFILE_DIR_PATH}/Podfile.lock\" \"${PODS_ROOT}/Manifest.lock\" > /dev/null\nif [ $? != 0 ] ; then\n    # print error to STDERR\n    echo \"error: The sandbox is not in sync with the Podfile.lock. Run 'pod install' or update your CocoaPods installation.\" >&2\n    exit 1\nfi\n# This output is used by Xcode 'outputs' to avoid re-running this script phase.\necho \"SUCCESS\" > \"${SCRIPT_OUTPUT_FILE_0}\"\n";
			showEnvVarsInLog = 0;
		};
/* End PBXShellScriptBuildPhase section */

/* Begin PBXSourcesBuildPhase section */
		431C3043253F1EA00043A9EF /* Sources */ = {
			isa = PBXSourcesBuildPhase;
			buildActionMask = 2147483647;
			files = (
				431C3069253F284D0043A9EF /* MockLocalDatasource.swift in Sources */,
				431C306D253F2AA70043A9EF /* RegisterPresenterTests.swift in Sources */,
				431C305A253F25AD0043A9EF /* LoginPresenterTests.swift in Sources */,
			);
			runOnlyForDeploymentPostprocessing = 0;
		};
		431E5F26253E32C6008C27D2 /* Sources */ = {
			isa = PBXSourcesBuildPhase;
			buildActionMask = 2147483647;
			files = (
				431C3022253E49770043A9EF /* LocalDatasource.swift in Sources */,
				431C301A253E475B0043A9EF /* ViewModel.swift in Sources */,
				431C3015253E45040043A9EF /* LoginPresenter.swift in Sources */,
				431C3033253E54110043A9EF /* ServiceLocator.swift in Sources */,
				431C303F253E86DD0043A9EF /* Router.swift in Sources */,
				431C3027253E4A440043A9EF /* RegisterViewController.swift in Sources */,
				431C302A253E4A500043A9EF /* RegisterPresenter.swift in Sources */,
				431C302D253E4BD80043A9EF /* RegisterUser.swift in Sources */,
				431E5F32253E32C6008C27D2 /* LoginViewController.swift in Sources */,
				431E5F2E253E32C6008C27D2 /* AppDelegate.swift in Sources */,
				431E5F30253E32C6008C27D2 /* SceneDelegate.swift in Sources */,
				431C301D253E490A0043A9EF /* LogUser.swift in Sources */,
			);
			runOnlyForDeploymentPostprocessing = 0;
		};
/* End PBXSourcesBuildPhase section */

/* Begin PBXTargetDependency section */
		431C304D253F1EA00043A9EF /* PBXTargetDependency */ = {
			isa = PBXTargetDependency;
			target = 431E5F29253E32C6008C27D2 /* FalabellaImageMakerDemo */;
			targetProxy = 431C304C253F1EA00043A9EF /* PBXContainerItemProxy */;
		};
/* End PBXTargetDependency section */

/* Begin PBXVariantGroup section */
		431E5F38253E32C8008C27D2 /* LaunchScreen.storyboard */ = {
			isa = PBXVariantGroup;
			children = (
				431E5F39253E32C8008C27D2 /* Base */,
			);
			name = LaunchScreen.storyboard;
			sourceTree = "<group>";
		};
/* End PBXVariantGroup section */

/* Begin XCBuildConfiguration section */
		431C304F253F1EA00043A9EF /* Debug */ = {
			isa = XCBuildConfiguration;
			baseConfigurationReference = 6E0D836ABAE65B30AFDC58BE /* Pods-FalabellaImageMakerDemoTests.debug.xcconfig */;
			buildSettings = {
				BUNDLE_LOADER = "$(TEST_HOST)";
				CODE_SIGN_STYLE = Automatic;
				INFOPLIST_FILE = FalabellaImageMakerDemoTests/Info.plist;
				LD_RUNPATH_SEARCH_PATHS = (
					"$(inherited)",
					"@executable_path/Frameworks",
					"@loader_path/Frameworks",
				);
				PRODUCT_BUNDLE_IDENTIFIER = com.demo.FalabellaImageMakerDemoTests;
				PRODUCT_NAME = "$(TARGET_NAME)";
				SWIFT_VERSION = 5.0;
				TARGETED_DEVICE_FAMILY = "1,2";
				TEST_HOST = "$(BUILT_PRODUCTS_DIR)/FalabellaImageMakerDemo.app/FalabellaImageMakerDemo";
			};
			name = Debug;
		};
		431C3050253F1EA00043A9EF /* Release */ = {
			isa = XCBuildConfiguration;
			baseConfigurationReference = CD608F6184734494C937F5FD /* Pods-FalabellaImageMakerDemoTests.release.xcconfig */;
			buildSettings = {
				BUNDLE_LOADER = "$(TEST_HOST)";
				CODE_SIGN_STYLE = Automatic;
				INFOPLIST_FILE = FalabellaImageMakerDemoTests/Info.plist;
				LD_RUNPATH_SEARCH_PATHS = (
					"$(inherited)",
					"@executable_path/Frameworks",
					"@loader_path/Frameworks",
				);
				PRODUCT_BUNDLE_IDENTIFIER = com.demo.FalabellaImageMakerDemoTests;
				PRODUCT_NAME = "$(TARGET_NAME)";
				SWIFT_VERSION = 5.0;
				TARGETED_DEVICE_FAMILY = "1,2";
				TEST_HOST = "$(BUILT_PRODUCTS_DIR)/FalabellaImageMakerDemo.app/FalabellaImageMakerDemo";
			};
			name = Release;
		};
		431E5F3C253E32C8008C27D2 /* Debug */ = {
			isa = XCBuildConfiguration;
			buildSettings = {
				ALWAYS_SEARCH_USER_PATHS = NO;
				CLANG_ANALYZER_NONNULL = YES;
				CLANG_ANALYZER_NUMBER_OBJECT_CONVERSION = YES_AGGRESSIVE;
				CLANG_CXX_LANGUAGE_STANDARD = "gnu++14";
				CLANG_CXX_LIBRARY = "libc++";
				CLANG_ENABLE_MODULES = YES;
				CLANG_ENABLE_OBJC_ARC = YES;
				CLANG_ENABLE_OBJC_WEAK = YES;
				CLANG_WARN_BLOCK_CAPTURE_AUTORELEASING = YES;
				CLANG_WARN_BOOL_CONVERSION = YES;
				CLANG_WARN_COMMA = YES;
				CLANG_WARN_CONSTANT_CONVERSION = YES;
				CLANG_WARN_DEPRECATED_OBJC_IMPLEMENTATIONS = YES;
				CLANG_WARN_DIRECT_OBJC_ISA_USAGE = YES_ERROR;
				CLANG_WARN_DOCUMENTATION_COMMENTS = YES;
				CLANG_WARN_EMPTY_BODY = YES;
				CLANG_WARN_ENUM_CONVERSION = YES;
				CLANG_WARN_INFINITE_RECURSION = YES;
				CLANG_WARN_INT_CONVERSION = YES;
				CLANG_WARN_NON_LITERAL_NULL_CONVERSION = YES;
				CLANG_WARN_OBJC_IMPLICIT_RETAIN_SELF = YES;
				CLANG_WARN_OBJC_LITERAL_CONVERSION = YES;
				CLANG_WARN_OBJC_ROOT_CLASS = YES_ERROR;
				CLANG_WARN_QUOTED_INCLUDE_IN_FRAMEWORK_HEADER = YES;
				CLANG_WARN_RANGE_LOOP_ANALYSIS = YES;
				CLANG_WARN_STRICT_PROTOTYPES = YES;
				CLANG_WARN_SUSPICIOUS_MOVE = YES;
				CLANG_WARN_UNGUARDED_AVAILABILITY = YES_AGGRESSIVE;
				CLANG_WARN_UNREACHABLE_CODE = YES;
				CLANG_WARN__DUPLICATE_METHOD_MATCH = YES;
				COPY_PHASE_STRIP = NO;
				DEBUG_INFORMATION_FORMAT = dwarf;
				ENABLE_STRICT_OBJC_MSGSEND = YES;
				ENABLE_TESTABILITY = YES;
				GCC_C_LANGUAGE_STANDARD = gnu11;
				GCC_DYNAMIC_NO_PIC = NO;
				GCC_NO_COMMON_BLOCKS = YES;
				GCC_OPTIMIZATION_LEVEL = 0;
				GCC_PREPROCESSOR_DEFINITIONS = (
					"DEBUG=1",
					"$(inherited)",
				);
				GCC_WARN_64_TO_32_BIT_CONVERSION = YES;
				GCC_WARN_ABOUT_RETURN_TYPE = YES_ERROR;
				GCC_WARN_UNDECLARED_SELECTOR = YES;
				GCC_WARN_UNINITIALIZED_AUTOS = YES_AGGRESSIVE;
				GCC_WARN_UNUSED_FUNCTION = YES;
				GCC_WARN_UNUSED_VARIABLE = YES;
				IPHONEOS_DEPLOYMENT_TARGET = 14.0;
				MTL_ENABLE_DEBUG_INFO = INCLUDE_SOURCE;
				MTL_FAST_MATH = YES;
				ONLY_ACTIVE_ARCH = YES;
				SDKROOT = iphoneos;
				SWIFT_ACTIVE_COMPILATION_CONDITIONS = DEBUG;
				SWIFT_OPTIMIZATION_LEVEL = "-Onone";
			};
			name = Debug;
		};
		431E5F3D253E32C8008C27D2 /* Release */ = {
			isa = XCBuildConfiguration;
			buildSettings = {
				ALWAYS_SEARCH_USER_PATHS = NO;
				CLANG_ANALYZER_NONNULL = YES;
				CLANG_ANALYZER_NUMBER_OBJECT_CONVERSION = YES_AGGRESSIVE;
				CLANG_CXX_LANGUAGE_STANDARD = "gnu++14";
				CLANG_CXX_LIBRARY = "libc++";
				CLANG_ENABLE_MODULES = YES;
				CLANG_ENABLE_OBJC_ARC = YES;
				CLANG_ENABLE_OBJC_WEAK = YES;
				CLANG_WARN_BLOCK_CAPTURE_AUTORELEASING = YES;
				CLANG_WARN_BOOL_CONVERSION = YES;
				CLANG_WARN_COMMA = YES;
				CLANG_WARN_CONSTANT_CONVERSION = YES;
				CLANG_WARN_DEPRECATED_OBJC_IMPLEMENTATIONS = YES;
				CLANG_WARN_DIRECT_OBJC_ISA_USAGE = YES_ERROR;
				CLANG_WARN_DOCUMENTATION_COMMENTS = YES;
				CLANG_WARN_EMPTY_BODY = YES;
				CLANG_WARN_ENUM_CONVERSION = YES;
				CLANG_WARN_INFINITE_RECURSION = YES;
				CLANG_WARN_INT_CONVERSION = YES;
				CLANG_WARN_NON_LITERAL_NULL_CONVERSION = YES;
				CLANG_WARN_OBJC_IMPLICIT_RETAIN_SELF = YES;
				CLANG_WARN_OBJC_LITERAL_CONVERSION = YES;
				CLANG_WARN_OBJC_ROOT_CLASS = YES_ERROR;
				CLANG_WARN_QUOTED_INCLUDE_IN_FRAMEWORK_HEADER = YES;
				CLANG_WARN_RANGE_LOOP_ANALYSIS = YES;
				CLANG_WARN_STRICT_PROTOTYPES = YES;
				CLANG_WARN_SUSPICIOUS_MOVE = YES;
				CLANG_WARN_UNGUARDED_AVAILABILITY = YES_AGGRESSIVE;
				CLANG_WARN_UNREACHABLE_CODE = YES;
				CLANG_WARN__DUPLICATE_METHOD_MATCH = YES;
				COPY_PHASE_STRIP = NO;
				DEBUG_INFORMATION_FORMAT = "dwarf-with-dsym";
				ENABLE_NS_ASSERTIONS = NO;
				ENABLE_STRICT_OBJC_MSGSEND = YES;
				GCC_C_LANGUAGE_STANDARD = gnu11;
				GCC_NO_COMMON_BLOCKS = YES;
				GCC_WARN_64_TO_32_BIT_CONVERSION = YES;
				GCC_WARN_ABOUT_RETURN_TYPE = YES_ERROR;
				GCC_WARN_UNDECLARED_SELECTOR = YES;
				GCC_WARN_UNINITIALIZED_AUTOS = YES_AGGRESSIVE;
				GCC_WARN_UNUSED_FUNCTION = YES;
				GCC_WARN_UNUSED_VARIABLE = YES;
				IPHONEOS_DEPLOYMENT_TARGET = 14.0;
				MTL_ENABLE_DEBUG_INFO = NO;
				MTL_FAST_MATH = YES;
				SDKROOT = iphoneos;
				SWIFT_COMPILATION_MODE = wholemodule;
				SWIFT_OPTIMIZATION_LEVEL = "-O";
				VALIDATE_PRODUCT = YES;
			};
			name = Release;
		};
		431E5F3F253E32C8008C27D2 /* Debug */ = {
			isa = XCBuildConfiguration;
			baseConfigurationReference = D1E8D5530C25A69EB64B7A29 /* Pods-FalabellaImageMakerDemo.debug.xcconfig */;
			buildSettings = {
				ASSETCATALOG_COMPILER_APPICON_NAME = AppIcon;
				ASSETCATALOG_COMPILER_GLOBAL_ACCENT_COLOR_NAME = AccentColor;
				CODE_SIGN_STYLE = Automatic;
				DEFINES_MODULE = YES;
				INFOPLIST_FILE = FalabellaImageMakerDemo/Info.plist;
				LD_RUNPATH_SEARCH_PATHS = (
					"$(inherited)",
					"@executable_path/Frameworks",
				);
				PRODUCT_BUNDLE_IDENTIFIER = com.demo.FalabellaImageMakerDemo;
				PRODUCT_NAME = "$(TARGET_NAME)";
				SWIFT_VERSION = 5.0;
				TARGETED_DEVICE_FAMILY = "1,2";
			};
			name = Debug;
		};
		431E5F40253E32C8008C27D2 /* Release */ = {
			isa = XCBuildConfiguration;
			baseConfigurationReference = B2044807D680E88D3DAAC67B /* Pods-FalabellaImageMakerDemo.release.xcconfig */;
			buildSettings = {
				ASSETCATALOG_COMPILER_APPICON_NAME = AppIcon;
				ASSETCATALOG_COMPILER_GLOBAL_ACCENT_COLOR_NAME = AccentColor;
				CODE_SIGN_STYLE = Automatic;
				DEFINES_MODULE = YES;
				INFOPLIST_FILE = FalabellaImageMakerDemo/Info.plist;
				LD_RUNPATH_SEARCH_PATHS = (
					"$(inherited)",
					"@executable_path/Frameworks",
				);
				PRODUCT_BUNDLE_IDENTIFIER = com.demo.FalabellaImageMakerDemo;
				PRODUCT_NAME = "$(TARGET_NAME)";
				SWIFT_VERSION = 5.0;
				TARGETED_DEVICE_FAMILY = "1,2";
			};
			name = Release;
		};
/* End XCBuildConfiguration section */

/* Begin XCConfigurationList section */
		431C304E253F1EA00043A9EF /* Build configuration list for PBXNativeTarget "FalabellaImageMakerDemoTests" */ = {
			isa = XCConfigurationList;
			buildConfigurations = (
				431C304F253F1EA00043A9EF /* Debug */,
				431C3050253F1EA00043A9EF /* Release */,
			);
			defaultConfigurationIsVisible = 0;
			defaultConfigurationName = Release;
		};
		431E5F25253E32C6008C27D2 /* Build configuration list for PBXProject "FalabellaImageMakerDemo" */ = {
			isa = XCConfigurationList;
			buildConfigurations = (
				431E5F3C253E32C8008C27D2 /* Debug */,
				431E5F3D253E32C8008C27D2 /* Release */,
			);
			defaultConfigurationIsVisible = 0;
			defaultConfigurationName = Release;
		};
		431E5F3E253E32C8008C27D2 /* Build configuration list for PBXNativeTarget "FalabellaImageMakerDemo" */ = {
			isa = XCConfigurationList;
			buildConfigurations = (
				431E5F3F253E32C8008C27D2 /* Debug */,
				431E5F40253E32C8008C27D2 /* Release */,
			);
			defaultConfigurationIsVisible = 0;
			defaultConfigurationName = Release;
		};
/* End XCConfigurationList section */
	};
	rootObject = 431E5F22253E32C6008C27D2 /* Project object */;
}
